// !$*UTF8*$!
{
	archiveVersion = 1;
	classes = {
	};
	objectVersion = 56;
	objects = {

/* Begin PBXBuildFile section */
		1DD105F62A03E71700FF1FB9 /* PenColorsIdentifierApp.swift in Sources */ = {isa = PBXBuildFile; fileRef = 1DD105F52A03E71700FF1FB9 /* PenColorsIdentifierApp.swift */; };
		1DD105F82A03E71700FF1FB9 /* OnboardingView.swift in Sources */ = {isa = PBXBuildFile; fileRef = 1DD105F72A03E71700FF1FB9 /* OnboardingView.swift */; };
		1DD105FA2A03E71800FF1FB9 /* Assets.xcassets in Resources */ = {isa = PBXBuildFile; fileRef = 1DD105F92A03E71800FF1FB9 /* Assets.xcassets */; };
		1DD105FD2A03E71800FF1FB9 /* Preview Assets.xcassets in Resources */ = {isa = PBXBuildFile; fileRef = 1DD105FC2A03E71800FF1FB9 /* Preview Assets.xcassets */; };
		1DD106072A03E71900FF1FB9 /* PenColorsIdentifierTests.swift in Sources */ = {isa = PBXBuildFile; fileRef = 1DD106062A03E71900FF1FB9 /* PenColorsIdentifierTests.swift */; };
		1DD106112A03E71900FF1FB9 /* PenColorsIdentifierUITests.swift in Sources */ = {isa = PBXBuildFile; fileRef = 1DD106102A03E71900FF1FB9 /* PenColorsIdentifierUITests.swift */; };
		1DD106132A03E71900FF1FB9 /* PenColorsIdentifierUITestsLaunchTests.swift in Sources */ = {isa = PBXBuildFile; fileRef = 1DD106122A03E71900FF1FB9 /* PenColorsIdentifierUITestsLaunchTests.swift */; };
		1DD106232A0431CF00FF1FB9 /* ViewModel.swift in Sources */ = {isa = PBXBuildFile; fileRef = 1DD106222A0431CF00FF1FB9 /* ViewModel.swift */; };
		1DD106252A0C1ECF00FF1FB9 /* CameraFrameView.swift in Sources */ = {isa = PBXBuildFile; fileRef = 1DD106242A0C1ECF00FF1FB9 /* CameraFrameView.swift */; };
		1DD106272A0C1F8E00FF1FB9 /* CameraFrameHandler.swift in Sources */ = {isa = PBXBuildFile; fileRef = 1DD106262A0C1F8E00FF1FB9 /* CameraFrameHandler.swift */; };
		1DD1062B2A0C291000FF1FB9 /* CameraView.swift in Sources */ = {isa = PBXBuildFile; fileRef = 1DD1062A2A0C291000FF1FB9 /* CameraView.swift */; };
		1DD1062D2A0D350900FF1FB9 /* ViewRouter.swift in Sources */ = {isa = PBXBuildFile; fileRef = 1DD1062C2A0D350900FF1FB9 /* ViewRouter.swift */; };
		1DD1062F2A0D361E00FF1FB9 /* MotherView.swift in Sources */ = {isa = PBXBuildFile; fileRef = 1DD1062E2A0D361E00FF1FB9 /* MotherView.swift */; };
/* End PBXBuildFile section */

/* Begin PBXContainerItemProxy section */
		1DD106032A03E71900FF1FB9 /* PBXContainerItemProxy */ = {
			isa = PBXContainerItemProxy;
			containerPortal = 1DD105EA2A03E71700FF1FB9 /* Project object */;
			proxyType = 1;
			remoteGlobalIDString = 1DD105F12A03E71700FF1FB9;
			remoteInfo = PenColorsIdentifier;
		};
		1DD1060D2A03E71900FF1FB9 /* PBXContainerItemProxy */ = {
			isa = PBXContainerItemProxy;
			containerPortal = 1DD105EA2A03E71700FF1FB9 /* Project object */;
			proxyType = 1;
			remoteGlobalIDString = 1DD105F12A03E71700FF1FB9;
			remoteInfo = PenColorsIdentifier;
		};
/* End PBXContainerItemProxy section */

/* Begin PBXFileReference section */
		1DD105F22A03E71700FF1FB9 /* PenColorsIdentifier.app */ = {isa = PBXFileReference; explicitFileType = wrapper.application; includeInIndex = 0; path = PenColorsIdentifier.app; sourceTree = BUILT_PRODUCTS_DIR; };
		1DD105F52A03E71700FF1FB9 /* PenColorsIdentifierApp.swift */ = {isa = PBXFileReference; lastKnownFileType = sourcecode.swift; path = PenColorsIdentifierApp.swift; sourceTree = "<group>"; };
		1DD105F72A03E71700FF1FB9 /* OnboardingView.swift */ = {isa = PBXFileReference; lastKnownFileType = sourcecode.swift; path = OnboardingView.swift; sourceTree = "<group>"; };
		1DD105F92A03E71800FF1FB9 /* Assets.xcassets */ = {isa = PBXFileReference; lastKnownFileType = folder.assetcatalog; path = Assets.xcassets; sourceTree = "<group>"; };
		1DD105FC2A03E71800FF1FB9 /* Preview Assets.xcassets */ = {isa = PBXFileReference; lastKnownFileType = folder.assetcatalog; path = "Preview Assets.xcassets"; sourceTree = "<group>"; };
		1DD106022A03E71900FF1FB9 /* PenColorsIdentifierTests.xctest */ = {isa = PBXFileReference; explicitFileType = wrapper.cfbundle; includeInIndex = 0; path = PenColorsIdentifierTests.xctest; sourceTree = BUILT_PRODUCTS_DIR; };
		1DD106062A03E71900FF1FB9 /* PenColorsIdentifierTests.swift */ = {isa = PBXFileReference; lastKnownFileType = sourcecode.swift; path = PenColorsIdentifierTests.swift; sourceTree = "<group>"; };
		1DD1060C2A03E71900FF1FB9 /* PenColorsIdentifierUITests.xctest */ = {isa = PBXFileReference; explicitFileType = wrapper.cfbundle; includeInIndex = 0; path = PenColorsIdentifierUITests.xctest; sourceTree = BUILT_PRODUCTS_DIR; };
		1DD106102A03E71900FF1FB9 /* PenColorsIdentifierUITests.swift */ = {isa = PBXFileReference; lastKnownFileType = sourcecode.swift; path = PenColorsIdentifierUITests.swift; sourceTree = "<group>"; };
		1DD106122A03E71900FF1FB9 /* PenColorsIdentifierUITestsLaunchTests.swift */ = {isa = PBXFileReference; lastKnownFileType = sourcecode.swift; path = PenColorsIdentifierUITestsLaunchTests.swift; sourceTree = "<group>"; };
		1DD106222A0431CF00FF1FB9 /* ViewModel.swift */ = {isa = PBXFileReference; lastKnownFileType = sourcecode.swift; path = ViewModel.swift; sourceTree = "<group>"; };
		1DD106242A0C1ECF00FF1FB9 /* CameraFrameView.swift */ = {isa = PBXFileReference; lastKnownFileType = sourcecode.swift; path = CameraFrameView.swift; sourceTree = "<group>"; };
		1DD106262A0C1F8E00FF1FB9 /* CameraFrameHandler.swift */ = {isa = PBXFileReference; lastKnownFileType = sourcecode.swift; path = CameraFrameHandler.swift; sourceTree = "<group>"; };
		1DD1062A2A0C291000FF1FB9 /* CameraView.swift */ = {isa = PBXFileReference; lastKnownFileType = sourcecode.swift; name = CameraView.swift; path = ViewModels/CameraView.swift; sourceTree = "<group>"; };
		1DD1062C2A0D350900FF1FB9 /* ViewRouter.swift */ = {isa = PBXFileReference; lastKnownFileType = sourcecode.swift; path = ViewRouter.swift; sourceTree = "<group>"; };
		1DD1062E2A0D361E00FF1FB9 /* MotherView.swift */ = {isa = PBXFileReference; lastKnownFileType = sourcecode.swift; path = MotherView.swift; sourceTree = "<group>"; };
/* End PBXFileReference section */

/* Begin PBXFrameworksBuildPhase section */
		1DD105EF2A03E71700FF1FB9 /* Frameworks */ = {
			isa = PBXFrameworksBuildPhase;
			buildActionMask = 2147483647;
			files = (
			);
			runOnlyForDeploymentPostprocessing = 0;
		};
		1DD105FF2A03E71900FF1FB9 /* Frameworks */ = {
			isa = PBXFrameworksBuildPhase;
			buildActionMask = 2147483647;
			files = (
			);
			runOnlyForDeploymentPostprocessing = 0;
		};
		1DD106092A03E71900FF1FB9 /* Frameworks */ = {
			isa = PBXFrameworksBuildPhase;
			buildActionMask = 2147483647;
			files = (
			);
			runOnlyForDeploymentPostprocessing = 0;
		};
/* End PBXFrameworksBuildPhase section */

/* Begin PBXGroup section */
		1DD105E92A03E71700FF1FB9 = {
			isa = PBXGroup;
			children = (
				1DD105F42A03E71700FF1FB9 /* PenColorsIdentifier */,
				1DD106052A03E71900FF1FB9 /* PenColorsIdentifierTests */,
				1DD1060F2A03E71900FF1FB9 /* PenColorsIdentifierUITests */,
				1DD105F32A03E71700FF1FB9 /* Products */,
			);
			sourceTree = "<group>";
		};
		1DD105F32A03E71700FF1FB9 /* Products */ = {
			isa = PBXGroup;
			children = (
				1DD105F22A03E71700FF1FB9 /* PenColorsIdentifier.app */,
				1DD106022A03E71900FF1FB9 /* PenColorsIdentifierTests.xctest */,
				1DD1060C2A03E71900FF1FB9 /* PenColorsIdentifierUITests.xctest */,
			);
			name = Products;
			sourceTree = "<group>";
		};
		1DD105F42A03E71700FF1FB9 /* PenColorsIdentifier */ = {
			isa = PBXGroup;
			children = (
				1DD1061F2A03FB5100FF1FB9 /* ViewModels */,
				1DD105F52A03E71700FF1FB9 /* PenColorsIdentifierApp.swift */,
				1DD1062A2A0C291000FF1FB9 /* CameraView.swift */,
				1DD105F72A03E71700FF1FB9 /* OnboardingView.swift */,
				1DD1062C2A0D350900FF1FB9 /* ViewRouter.swift */,
				1DD1062E2A0D361E00FF1FB9 /* MotherView.swift */,
				1DD105F92A03E71800FF1FB9 /* Assets.xcassets */,
				1DD105FB2A03E71800FF1FB9 /* Preview Content */,
			);
			path = PenColorsIdentifier;
			sourceTree = "<group>";
		};
		1DD105FB2A03E71800FF1FB9 /* Preview Content */ = {
			isa = PBXGroup;
			children = (
				1DD105FC2A03E71800FF1FB9 /* Preview Assets.xcassets */,
			);
			path = "Preview Content";
			sourceTree = "<group>";
		};
		1DD106052A03E71900FF1FB9 /* PenColorsIdentifierTests */ = {
			isa = PBXGroup;
			children = (
				1DD106062A03E71900FF1FB9 /* PenColorsIdentifierTests.swift */,
			);
			path = PenColorsIdentifierTests;
			sourceTree = "<group>";
		};
		1DD1060F2A03E71900FF1FB9 /* PenColorsIdentifierUITests */ = {
			isa = PBXGroup;
			children = (
				1DD106102A03E71900FF1FB9 /* PenColorsIdentifierUITests.swift */,
				1DD106122A03E71900FF1FB9 /* PenColorsIdentifierUITestsLaunchTests.swift */,
			);
			path = PenColorsIdentifierUITests;
			sourceTree = "<group>";
		};
		1DD1061F2A03FB5100FF1FB9 /* ViewModels */ = {
			isa = PBXGroup;
			children = (
				1DD106222A0431CF00FF1FB9 /* ViewModel.swift */,
				1DD106242A0C1ECF00FF1FB9 /* CameraFrameView.swift */,
				1DD106262A0C1F8E00FF1FB9 /* CameraFrameHandler.swift */,
			);
			path = ViewModels;
			sourceTree = "<group>";
		};
/* End PBXGroup section */

/* Begin PBXNativeTarget section */
		1DD105F12A03E71700FF1FB9 /* PenColorsIdentifier */ = {
			isa = PBXNativeTarget;
			buildConfigurationList = 1DD106162A03E71900FF1FB9 /* Build configuration list for PBXNativeTarget "PenColorsIdentifier" */;
			buildPhases = (
				1DD105EE2A03E71700FF1FB9 /* Sources */,
				1DD105EF2A03E71700FF1FB9 /* Frameworks */,
				1DD105F02A03E71700FF1FB9 /* Resources */,
			);
			buildRules = (
			);
			dependencies = (
			);
			name = PenColorsIdentifier;
			productName = PenColorsIdentifier;
			productReference = 1DD105F22A03E71700FF1FB9 /* PenColorsIdentifier.app */;
			productType = "com.apple.product-type.application";
		};
		1DD106012A03E71900FF1FB9 /* PenColorsIdentifierTests */ = {
			isa = PBXNativeTarget;
			buildConfigurationList = 1DD106192A03E71900FF1FB9 /* Build configuration list for PBXNativeTarget "PenColorsIdentifierTests" */;
			buildPhases = (
				1DD105FE2A03E71900FF1FB9 /* Sources */,
				1DD105FF2A03E71900FF1FB9 /* Frameworks */,
				1DD106002A03E71900FF1FB9 /* Resources */,
			);
			buildRules = (
			);
			dependencies = (
				1DD106042A03E71900FF1FB9 /* PBXTargetDependency */,
			);
			name = PenColorsIdentifierTests;
			productName = PenColorsIdentifierTests;
			productReference = 1DD106022A03E71900FF1FB9 /* PenColorsIdentifierTests.xctest */;
			productType = "com.apple.product-type.bundle.unit-test";
		};
		1DD1060B2A03E71900FF1FB9 /* PenColorsIdentifierUITests */ = {
			isa = PBXNativeTarget;
			buildConfigurationList = 1DD1061C2A03E71900FF1FB9 /* Build configuration list for PBXNativeTarget "PenColorsIdentifierUITests" */;
			buildPhases = (
				1DD106082A03E71900FF1FB9 /* Sources */,
				1DD106092A03E71900FF1FB9 /* Frameworks */,
				1DD1060A2A03E71900FF1FB9 /* Resources */,
			);
			buildRules = (
			);
			dependencies = (
				1DD1060E2A03E71900FF1FB9 /* PBXTargetDependency */,
			);
			name = PenColorsIdentifierUITests;
			productName = PenColorsIdentifierUITests;
			productReference = 1DD1060C2A03E71900FF1FB9 /* PenColorsIdentifierUITests.xctest */;
			productType = "com.apple.product-type.bundle.ui-testing";
		};
/* End PBXNativeTarget section */

/* Begin PBXProject section */
		1DD105EA2A03E71700FF1FB9 /* Project object */ = {
			isa = PBXProject;
			attributes = {
				BuildIndependentTargetsInParallel = 1;
				LastSwiftUpdateCheck = 1430;
				LastUpgradeCheck = 1430;
				TargetAttributes = {
					1DD105F12A03E71700FF1FB9 = {
						CreatedOnToolsVersion = 14.3;
					};
					1DD106012A03E71900FF1FB9 = {
						CreatedOnToolsVersion = 14.3;
						TestTargetID = 1DD105F12A03E71700FF1FB9;
					};
					1DD1060B2A03E71900FF1FB9 = {
						CreatedOnToolsVersion = 14.3;
						TestTargetID = 1DD105F12A03E71700FF1FB9;
					};
				};
			};
			buildConfigurationList = 1DD105ED2A03E71700FF1FB9 /* Build configuration list for PBXProject "PenColorsIdentifier" */;
			compatibilityVersion = "Xcode 14.0";
			developmentRegion = en;
			hasScannedForEncodings = 0;
			knownRegions = (
				en,
				Base,
			);
			mainGroup = 1DD105E92A03E71700FF1FB9;
			productRefGroup = 1DD105F32A03E71700FF1FB9 /* Products */;
			projectDirPath = "";
			projectRoot = "";
			targets = (
				1DD105F12A03E71700FF1FB9 /* PenColorsIdentifier */,
				1DD106012A03E71900FF1FB9 /* PenColorsIdentifierTests */,
				1DD1060B2A03E71900FF1FB9 /* PenColorsIdentifierUITests */,
			);
		};
/* End PBXProject section */

/* Begin PBXResourcesBuildPhase section */
		1DD105F02A03E71700FF1FB9 /* Resources */ = {
			isa = PBXResourcesBuildPhase;
			buildActionMask = 2147483647;
			files = (
				1DD105FD2A03E71800FF1FB9 /* Preview Assets.xcassets in Resources */,
				1DD105FA2A03E71800FF1FB9 /* Assets.xcassets in Resources */,
			);
			runOnlyForDeploymentPostprocessing = 0;
		};
		1DD106002A03E71900FF1FB9 /* Resources */ = {
			isa = PBXResourcesBuildPhase;
			buildActionMask = 2147483647;
			files = (
			);
			runOnlyForDeploymentPostprocessing = 0;
		};
		1DD1060A2A03E71900FF1FB9 /* Resources */ = {
			isa = PBXResourcesBuildPhase;
			buildActionMask = 2147483647;
			files = (
			);
			runOnlyForDeploymentPostprocessing = 0;
		};
/* End PBXResourcesBuildPhase section */

/* Begin PBXSourcesBuildPhase section */
		1DD105EE2A03E71700FF1FB9 /* Sources */ = {
			isa = PBXSourcesBuildPhase;
			buildActionMask = 2147483647;
			files = (
				1DD106272A0C1F8E00FF1FB9 /* CameraFrameHandler.swift in Sources */,
				1DD1062D2A0D350900FF1FB9 /* ViewRouter.swift in Sources */,
				1DD105F82A03E71700FF1FB9 /* OnboardingView.swift in Sources */,
				1DD1062B2A0C291000FF1FB9 /* CameraView.swift in Sources */,
				1DD105F62A03E71700FF1FB9 /* PenColorsIdentifierApp.swift in Sources */,
				1DD1062F2A0D361E00FF1FB9 /* MotherView.swift in Sources */,
				1DD106232A0431CF00FF1FB9 /* ViewModel.swift in Sources */,
				1DD106252A0C1ECF00FF1FB9 /* CameraFrameView.swift in Sources */,
			);
			runOnlyForDeploymentPostprocessing = 0;
		};
		1DD105FE2A03E71900FF1FB9 /* Sources */ = {
			isa = PBXSourcesBuildPhase;
			buildActionMask = 2147483647;
			files = (
				1DD106072A03E71900FF1FB9 /* PenColorsIdentifierTests.swift in Sources */,
			);
			runOnlyForDeploymentPostprocessing = 0;
		};
		1DD106082A03E71900FF1FB9 /* Sources */ = {
			isa = PBXSourcesBuildPhase;
			buildActionMask = 2147483647;
			files = (
				1DD106112A03E71900FF1FB9 /* PenColorsIdentifierUITests.swift in Sources */,
				1DD106132A03E71900FF1FB9 /* PenColorsIdentifierUITestsLaunchTests.swift in Sources */,
			);
			runOnlyForDeploymentPostprocessing = 0;
		};
/* End PBXSourcesBuildPhase section */

/* Begin PBXTargetDependency section */
		1DD106042A03E71900FF1FB9 /* PBXTargetDependency */ = {
			isa = PBXTargetDependency;
			target = 1DD105F12A03E71700FF1FB9 /* PenColorsIdentifier */;
			targetProxy = 1DD106032A03E71900FF1FB9 /* PBXContainerItemProxy */;
		};
		1DD1060E2A03E71900FF1FB9 /* PBXTargetDependency */ = {
			isa = PBXTargetDependency;
			target = 1DD105F12A03E71700FF1FB9 /* PenColorsIdentifier */;
			targetProxy = 1DD1060D2A03E71900FF1FB9 /* PBXContainerItemProxy */;
		};
/* End PBXTargetDependency section */

/* Begin XCBuildConfiguration section */
		1DD106142A03E71900FF1FB9 /* Debug */ = {
			isa = XCBuildConfiguration;
			buildSettings = {
				ALWAYS_SEARCH_USER_PATHS = NO;
				CLANG_ANALYZER_NONNULL = YES;
				CLANG_ANALYZER_NUMBER_OBJECT_CONVERSION = YES_AGGRESSIVE;
				CLANG_CXX_LANGUAGE_STANDARD = "gnu++20";
				CLANG_ENABLE_MODULES = YES;
				CLANG_ENABLE_OBJC_ARC = YES;
				CLANG_ENABLE_OBJC_WEAK = YES;
				CLANG_WARN_BLOCK_CAPTURE_AUTORELEASING = YES;
				CLANG_WARN_BOOL_CONVERSION = YES;
				CLANG_WARN_COMMA = YES;
				CLANG_WARN_CONSTANT_CONVERSION = YES;
				CLANG_WARN_DEPRECATED_OBJC_IMPLEMENTATIONS = YES;
				CLANG_WARN_DIRECT_OBJC_ISA_USAGE = YES_ERROR;
				CLANG_WARN_DOCUMENTATION_COMMENTS = YES;
				CLANG_WARN_EMPTY_BODY = YES;
				CLANG_WARN_ENUM_CONVERSION = YES;
				CLANG_WARN_INFINITE_RECURSION = YES;
				CLANG_WARN_INT_CONVERSION = YES;
				CLANG_WARN_NON_LITERAL_NULL_CONVERSION = YES;
				CLANG_WARN_OBJC_IMPLICIT_RETAIN_SELF = YES;
				CLANG_WARN_OBJC_LITERAL_CONVERSION = YES;
				CLANG_WARN_OBJC_ROOT_CLASS = YES_ERROR;
				CLANG_WARN_QUOTED_INCLUDE_IN_FRAMEWORK_HEADER = YES;
				CLANG_WARN_RANGE_LOOP_ANALYSIS = YES;
				CLANG_WARN_STRICT_PROTOTYPES = YES;
				CLANG_WARN_SUSPICIOUS_MOVE = YES;
				CLANG_WARN_UNGUARDED_AVAILABILITY = YES_AGGRESSIVE;
				CLANG_WARN_UNREACHABLE_CODE = YES;
				CLANG_WARN__DUPLICATE_METHOD_MATCH = YES;
				COPY_PHASE_STRIP = NO;
				DEBUG_INFORMATION_FORMAT = dwarf;
				ENABLE_STRICT_OBJC_MSGSEND = YES;
				ENABLE_TESTABILITY = YES;
				GCC_C_LANGUAGE_STANDARD = gnu11;
				GCC_DYNAMIC_NO_PIC = NO;
				GCC_NO_COMMON_BLOCKS = YES;
				GCC_OPTIMIZATION_LEVEL = 0;
				GCC_PREPROCESSOR_DEFINITIONS = (
					"DEBUG=1",
					"$(inherited)",
				);
				GCC_WARN_64_TO_32_BIT_CONVERSION = YES;
				GCC_WARN_ABOUT_RETURN_TYPE = YES_ERROR;
				GCC_WARN_UNDECLARED_SELECTOR = YES;
				GCC_WARN_UNINITIALIZED_AUTOS = YES_AGGRESSIVE;
				GCC_WARN_UNUSED_FUNCTION = YES;
				GCC_WARN_UNUSED_VARIABLE = YES;
				IPHONEOS_DEPLOYMENT_TARGET = 16.4;
				MTL_ENABLE_DEBUG_INFO = INCLUDE_SOURCE;
				MTL_FAST_MATH = YES;
				ONLY_ACTIVE_ARCH = YES;
				SDKROOT = iphoneos;
				SWIFT_ACTIVE_COMPILATION_CONDITIONS = DEBUG;
				SWIFT_OPTIMIZATION_LEVEL = "-Onone";
			};
			name = Debug;
		};
		1DD106152A03E71900FF1FB9 /* Release */ = {
			isa = XCBuildConfiguration;
			buildSettings = {
				ALWAYS_SEARCH_USER_PATHS = NO;
				CLANG_ANALYZER_NONNULL = YES;
				CLANG_ANALYZER_NUMBER_OBJECT_CONVERSION = YES_AGGRESSIVE;
				CLANG_CXX_LANGUAGE_STANDARD = "gnu++20";
				CLANG_ENABLE_MODULES = YES;
				CLANG_ENABLE_OBJC_ARC = YES;
				CLANG_ENABLE_OBJC_WEAK = YES;
				CLANG_WARN_BLOCK_CAPTURE_AUTORELEASING = YES;
				CLANG_WARN_BOOL_CONVERSION = YES;
				CLANG_WARN_COMMA = YES;
				CLANG_WARN_CONSTANT_CONVERSION = YES;
				CLANG_WARN_DEPRECATED_OBJC_IMPLEMENTATIONS = YES;
				CLANG_WARN_DIRECT_OBJC_ISA_USAGE = YES_ERROR;
				CLANG_WARN_DOCUMENTATION_COMMENTS = YES;
				CLANG_WARN_EMPTY_BODY = YES;
				CLANG_WARN_ENUM_CONVERSION = YES;
				CLANG_WARN_INFINITE_RECURSION = YES;
				CLANG_WARN_INT_CONVERSION = YES;
				CLANG_WARN_NON_LITERAL_NULL_CONVERSION = YES;
				CLANG_WARN_OBJC_IMPLICIT_RETAIN_SELF = YES;
				CLANG_WARN_OBJC_LITERAL_CONVERSION = YES;
				CLANG_WARN_OBJC_ROOT_CLASS = YES_ERROR;
				CLANG_WARN_QUOTED_INCLUDE_IN_FRAMEWORK_HEADER = YES;
				CLANG_WARN_RANGE_LOOP_ANALYSIS = YES;
				CLANG_WARN_STRICT_PROTOTYPES = YES;
				CLANG_WARN_SUSPICIOUS_MOVE = YES;
				CLANG_WARN_UNGUARDED_AVAILABILITY = YES_AGGRESSIVE;
				CLANG_WARN_UNREACHABLE_CODE = YES;
				CLANG_WARN__DUPLICATE_METHOD_MATCH = YES;
				COPY_PHASE_STRIP = NO;
				DEBUG_INFORMATION_FORMAT = "dwarf-with-dsym";
				ENABLE_NS_ASSERTIONS = NO;
				ENABLE_STRICT_OBJC_MSGSEND = YES;
				GCC_C_LANGUAGE_STANDARD = gnu11;
				GCC_NO_COMMON_BLOCKS = YES;
				GCC_WARN_64_TO_32_BIT_CONVERSION = YES;
				GCC_WARN_ABOUT_RETURN_TYPE = YES_ERROR;
				GCC_WARN_UNDECLARED_SELECTOR = YES;
				GCC_WARN_UNINITIALIZED_AUTOS = YES_AGGRESSIVE;
				GCC_WARN_UNUSED_FUNCTION = YES;
				GCC_WARN_UNUSED_VARIABLE = YES;
				IPHONEOS_DEPLOYMENT_TARGET = 16.4;
				MTL_ENABLE_DEBUG_INFO = NO;
				MTL_FAST_MATH = YES;
				SDKROOT = iphoneos;
				SWIFT_COMPILATION_MODE = wholemodule;
				SWIFT_OPTIMIZATION_LEVEL = "-O";
				VALIDATE_PRODUCT = YES;
			};
			name = Release;
		};
		1DD106172A03E71900FF1FB9 /* Debug */ = {
			isa = XCBuildConfiguration;
			buildSettings = {
				ASSETCATALOG_COMPILER_APPICON_NAME = AppIcon;
				ASSETCATALOG_COMPILER_GLOBAL_ACCENT_COLOR_NAME = AccentColor;
				CODE_SIGN_STYLE = Automatic;
				CURRENT_PROJECT_VERSION = 1;
				DEVELOPMENT_ASSET_PATHS = "\"PenColorsIdentifier/Preview Content\"";
				DEVELOPMENT_TEAM = JF8PTRU8N6;
				ENABLE_PREVIEWS = YES;
				GENERATE_INFOPLIST_FILE = YES;
				INFOPLIST_KEY_NSCameraUsageDescription = "Camera required for preview";
				INFOPLIST_KEY_UIApplicationSceneManifest_Generation = YES;
				INFOPLIST_KEY_UIApplicationSupportsIndirectInputEvents = YES;
				INFOPLIST_KEY_UILaunchScreen_Generation = YES;
				INFOPLIST_KEY_UISupportedInterfaceOrientations_iPad = "UIInterfaceOrientationPortrait UIInterfaceOrientationPortraitUpsideDown UIInterfaceOrientationLandscapeLeft UIInterfaceOrientationLandscapeRight";
				INFOPLIST_KEY_UISupportedInterfaceOrientations_iPhone = "UIInterfaceOrientationPortrait UIInterfaceOrientationLandscapeLeft UIInterfaceOrientationLandscapeRight";
				LD_RUNPATH_SEARCH_PATHS = (
					"$(inherited)",
					"@executable_path/Frameworks",
				);
				MARKETING_VERSION = 1.0;
				PRODUCT_BUNDLE_IDENTIFIER = com.pedromuniz.PenColorsIdentifier;
				PRODUCT_NAME = "$(TARGET_NAME)";
				SWIFT_EMIT_LOC_STRINGS = YES;
				SWIFT_VERSION = 5.0;
				TARGETED_DEVICE_FAMILY = "1,2";
			};
			name = Debug;
		};
		1DD106182A03E71900FF1FB9 /* Release */ = {
			isa = XCBuildConfiguration;
			buildSettings = {
				ASSETCATALOG_COMPILER_APPICON_NAME = AppIcon;
				ASSETCATALOG_COMPILER_GLOBAL_ACCENT_COLOR_NAME = AccentColor;
				CODE_SIGN_STYLE = Automatic;
				CURRENT_PROJECT_VERSION = 1;
				DEVELOPMENT_ASSET_PATHS = "\"PenColorsIdentifier/Preview Content\"";
				DEVELOPMENT_TEAM = JF8PTRU8N6;
				ENABLE_PREVIEWS = YES;
				GENERATE_INFOPLIST_FILE = YES;
				INFOPLIST_KEY_NSCameraUsageDescription = "Camera required for preview";
				INFOPLIST_KEY_UIApplicationSceneManifest_Generation = YES;
				INFOPLIST_KEY_UIApplicationSupportsIndirectInputEvents = YES;
				INFOPLIST_KEY_UILaunchScreen_Generation = YES;
				INFOPLIST_KEY_UISupportedInterfaceOrientations_iPad = "UIInterfaceOrientationPortrait UIInterfaceOrientationPortraitUpsideDown UIInterfaceOrientationLandscapeLeft UIInterfaceOrientationLandscapeRight";
				INFOPLIST_KEY_UISupportedInterfaceOrientations_iPhone = "UIInterfaceOrientationPortrait UIInterfaceOrientationLandscapeLeft UIInterfaceOrientationLandscapeRight";
				LD_RUNPATH_SEARCH_PATHS = (
					"$(inherited)",
					"@executable_path/Frameworks",
				);
				MARKETING_VERSION = 1.0;
				PRODUCT_BUNDLE_IDENTIFIER = com.pedromuniz.PenColorsIdentifier;
				PRODUCT_NAME = "$(TARGET_NAME)";
				SWIFT_EMIT_LOC_STRINGS = YES;
				SWIFT_VERSION = 5.0;
				TARGETED_DEVICE_FAMILY = "1,2";
			};
			name = Release;
		};
		1DD1061A2A03E71900FF1FB9 /* Debug */ = {
			isa = XCBuildConfiguration;
			buildSettings = {
				ALWAYS_EMBED_SWIFT_STANDARD_LIBRARIES = YES;
				BUNDLE_LOADER = "$(TEST_HOST)";
				CODE_SIGN_STYLE = Automatic;
				CURRENT_PROJECT_VERSION = 1;
				DEVELOPMENT_TEAM = JF8PTRU8N6;
				GENERATE_INFOPLIST_FILE = YES;
				IPHONEOS_DEPLOYMENT_TARGET = 16.4;
				MARKETING_VERSION = 1.0;
				PRODUCT_BUNDLE_IDENTIFIER = com.pedromuniz.PenColorsIdentifierTests;
				PRODUCT_NAME = "$(TARGET_NAME)";
				SWIFT_EMIT_LOC_STRINGS = NO;
				SWIFT_VERSION = 5.0;
				TARGETED_DEVICE_FAMILY = "1,2";
				TEST_HOST = "$(BUILT_PRODUCTS_DIR)/PenColorsIdentifier.app/$(BUNDLE_EXECUTABLE_FOLDER_PATH)/PenColorsIdentifier";
			};
			name = Debug;
		};
		1DD1061B2A03E71900FF1FB9 /* Release */ = {
			isa = XCBuildConfiguration;
			buildSettings = {
				ALWAYS_EMBED_SWIFT_STANDARD_LIBRARIES = YES;
				BUNDLE_LOADER = "$(TEST_HOST)";
				CODE_SIGN_STYLE = Automatic;
				CURRENT_PROJECT_VERSION = 1;
				DEVELOPMENT_TEAM = JF8PTRU8N6;
				GENERATE_INFOPLIST_FILE = YES;
				IPHONEOS_DEPLOYMENT_TARGET = 16.4;
				MARKETING_VERSION = 1.0;
				PRODUCT_BUNDLE_IDENTIFIER = com.pedromuniz.PenColorsIdentifierTests;
				PRODUCT_NAME = "$(TARGET_NAME)";
				SWIFT_EMIT_LOC_STRINGS = NO;
				SWIFT_VERSION = 5.0;
				TARGETED_DEVICE_FAMILY = "1,2";
				TEST_HOST = "$(BUILT_PRODUCTS_DIR)/PenColorsIdentifier.app/$(BUNDLE_EXECUTABLE_FOLDER_PATH)/PenColorsIdentifier";
			};
			name = Release;
		};
		1DD1061D2A03E71900FF1FB9 /* Debug */ = {
			isa = XCBuildConfiguration;
			buildSettings = {
				ALWAYS_EMBED_SWIFT_STANDARD_LIBRARIES = YES;
				CODE_SIGN_STYLE = Automatic;
				CURRENT_PROJECT_VERSION = 1;
				DEVELOPMENT_TEAM = JF8PTRU8N6;
				GENERATE_INFOPLIST_FILE = YES;
				MARKETING_VERSION = 1.0;
				PRODUCT_BUNDLE_IDENTIFIER = com.pedromuniz.PenColorsIdentifierUITests;
				PRODUCT_NAME = "$(TARGET_NAME)";
				SWIFT_EMIT_LOC_STRINGS = NO;
				SWIFT_VERSION = 5.0;
				TARGETED_DEVICE_FAMILY = "1,2";
				TEST_TARGET_NAME = PenColorsIdentifier;
			};
			name = Debug;
		};
		1DD1061E2A03E71900FF1FB9 /* Release */ = {
			isa = XCBuildConfiguration;
			buildSettings = {
				ALWAYS_EMBED_SWIFT_STANDARD_LIBRARIES = YES;
				CODE_SIGN_STYLE = Automatic;
				CURRENT_PROJECT_VERSION = 1;
				DEVELOPMENT_TEAM = JF8PTRU8N6;
				GENERATE_INFOPLIST_FILE = YES;
				MARKETING_VERSION = 1.0;
				PRODUCT_BUNDLE_IDENTIFIER = com.pedromuniz.PenColorsIdentifierUITests;
				PRODUCT_NAME = "$(TARGET_NAME)";
				SWIFT_EMIT_LOC_STRINGS = NO;
				SWIFT_VERSION = 5.0;
				TARGETED_DEVICE_FAMILY = "1,2";
				TEST_TARGET_NAME = PenColorsIdentifier;
			};
			name = Release;
		};
/* End XCBuildConfiguration section */

/* Begin XCConfigurationList section */
		1DD105ED2A03E71700FF1FB9 /* Build configuration list for PBXProject "PenColorsIdentifier" */ = {
			isa = XCConfigurationList;
			buildConfigurations = (
				1DD106142A03E71900FF1FB9 /* Debug */,
				1DD106152A03E71900FF1FB9 /* Release */,
			);
			defaultConfigurationIsVisible = 0;
			defaultConfigurationName = Release;
		};
		1DD106162A03E71900FF1FB9 /* Build configuration list for PBXNativeTarget "PenColorsIdentifier" */ = {
			isa = XCConfigurationList;
			buildConfigurations = (
				1DD106172A03E71900FF1FB9 /* Debug */,
				1DD106182A03E71900FF1FB9 /* Release */,
			);
			defaultConfigurationIsVisible = 0;
			defaultConfigurationName = Release;
		};
		1DD106192A03E71900FF1FB9 /* Build configuration list for PBXNativeTarget "PenColorsIdentifierTests" */ = {
			isa = XCConfigurationList;
			buildConfigurations = (
				1DD1061A2A03E71900FF1FB9 /* Debug */,
				1DD1061B2A03E71900FF1FB9 /* Release */,
			);
			defaultConfigurationIsVisible = 0;
			defaultConfigurationName = Release;
		};
		1DD1061C2A03E71900FF1FB9 /* Build configuration list for PBXNativeTarget "PenColorsIdentifierUITests" */ = {
			isa = XCConfigurationList;
			buildConfigurations = (
				1DD1061D2A03E71900FF1FB9 /* Debug */,
				1DD1061E2A03E71900FF1FB9 /* Release */,
			);
			defaultConfigurationIsVisible = 0;
			defaultConfigurationName = Release;
		};
/* End XCConfigurationList section */
	};
	rootObject = 1DD105EA2A03E71700FF1FB9 /* Project object */;
}
